// !$*UTF8*$!
{
	archiveVersion = 1;
	classes = {
	};
	objectVersion = 46;
	objects = {

/* Begin PBXBuildFile section */
		8D4C6750A9052FEAD754952F /* Pods_SocialMedia.framework in Frameworks */ = {isa = PBXBuildFile; fileRef = 0AC0EFF21744BE8627AFD222 /* Pods_SocialMedia.framework */; };
		C71275EE1E361AD600D588D3 /* Post.swift in Sources */ = {isa = PBXBuildFile; fileRef = C71275ED1E361AD600D588D3 /* Post.swift */; };
		C72BDBCF1E2BABDE00C161F6 /* GoogleService-Info.plist in Resources */ = {isa = PBXBuildFile; fileRef = C72BDBCE1E2BABDE00C161F6 /* GoogleService-Info.plist */; };
		C7461F8B1E33B1260085A36F /* PostCellTVC.swift in Sources */ = {isa = PBXBuildFile; fileRef = C7461F8A1E33B1260085A36F /* PostCellTVC.swift */; };
		C771C4D01E34BF9A008F5D3D /* DataService.swift in Sources */ = {isa = PBXBuildFile; fileRef = C771C4CF1E34BF9A008F5D3D /* DataService.swift */; };
		C7A86DF81E2BABA30007CEE7 /* AppDelegate.swift in Sources */ = {isa = PBXBuildFile; fileRef = C7A86DF71E2BABA30007CEE7 /* AppDelegate.swift */; };
		C7A86DFA1E2BABA30007CEE7 /* SignInVC.swift in Sources */ = {isa = PBXBuildFile; fileRef = C7A86DF91E2BABA30007CEE7 /* SignInVC.swift */; };
		C7A86DFD1E2BABA40007CEE7 /* Main.storyboard in Resources */ = {isa = PBXBuildFile; fileRef = C7A86DFB1E2BABA30007CEE7 /* Main.storyboard */; };
		C7A86DFF1E2BABA40007CEE7 /* Assets.xcassets in Resources */ = {isa = PBXBuildFile; fileRef = C7A86DFE1E2BABA40007CEE7 /* Assets.xcassets */; };
		C7A86E021E2BABA40007CEE7 /* LaunchScreen.storyboard in Resources */ = {isa = PBXBuildFile; fileRef = C7A86E001E2BABA40007CEE7 /* LaunchScreen.storyboard */; };
		C7B25EA71E314C830034C8A0 /* FeedVC.swift in Sources */ = {isa = PBXBuildFile; fileRef = C7B25EA61E314C830034C8A0 /* FeedVC.swift */; };
		C7C3BFEC1E32751600D0CA5E /* CircleView.swift in Sources */ = {isa = PBXBuildFile; fileRef = C7C3BFEB1E32751600D0CA5E /* CircleView.swift */; };
		C7E683831E2D26A800D90678 /* FancyView.swift in Sources */ = {isa = PBXBuildFile; fileRef = C7E683821E2D26A800D90678 /* FancyView.swift */; };
		C7E683861E2D271400D90678 /* Constants.swift in Sources */ = {isa = PBXBuildFile; fileRef = C7E683851E2D271400D90678 /* Constants.swift */; };
		C7E683881E2D28A100D90678 /* RoundBtn.swift in Sources */ = {isa = PBXBuildFile; fileRef = C7E683871E2D28A100D90678 /* RoundBtn.swift */; };
		C7E6838A1E2D2AA700D90678 /* FancyField.swift in Sources */ = {isa = PBXBuildFile; fileRef = C7E683891E2D2AA700D90678 /* FancyField.swift */; };
		C7E6838C1E2D2EEA00D90678 /* FancyBtn.swift in Sources */ = {isa = PBXBuildFile; fileRef = C7E6838B1E2D2EEA00D90678 /* FancyBtn.swift */; };
/* End PBXBuildFile section */

/* Begin PBXFileReference section */
		0AC0EFF21744BE8627AFD222 /* Pods_SocialMedia.framework */ = {isa = PBXFileReference; explicitFileType = wrapper.framework; includeInIndex = 0; path = Pods_SocialMedia.framework; sourceTree = BUILT_PRODUCTS_DIR; };
		0F65F9CFF390668D3DA1654B /* Pods-SocialMedia.debug.xcconfig */ = {isa = PBXFileReference; includeInIndex = 1; lastKnownFileType = text.xcconfig; name = "Pods-SocialMedia.debug.xcconfig"; path = "Pods/Target Support Files/Pods-SocialMedia/Pods-SocialMedia.debug.xcconfig"; sourceTree = "<group>"; };
		C71275ED1E361AD600D588D3 /* Post.swift */ = {isa = PBXFileReference; fileEncoding = 4; lastKnownFileType = sourcecode.swift; path = Post.swift; sourceTree = "<group>"; };
		C72BDBCE1E2BABDE00C161F6 /* GoogleService-Info.plist */ = {isa = PBXFileReference; fileEncoding = 4; lastKnownFileType = text.plist.xml; path = "GoogleService-Info.plist"; sourceTree = "<group>"; };
		C7461F8A1E33B1260085A36F /* PostCellTVC.swift */ = {isa = PBXFileReference; fileEncoding = 4; lastKnownFileType = sourcecode.swift; path = PostCellTVC.swift; sourceTree = "<group>"; };
		C771C4CF1E34BF9A008F5D3D /* DataService.swift */ = {isa = PBXFileReference; fileEncoding = 4; lastKnownFileType = sourcecode.swift; path = DataService.swift; sourceTree = "<group>"; };
		C7819E301E2FF8550033FD79 /* SocialMedia.entitlements */ = {isa = PBXFileReference; lastKnownFileType = text.plist.entitlements; path = SocialMedia.entitlements; sourceTree = "<group>"; };
		C7A86DF41E2BABA30007CEE7 /* SocialMedia.app */ = {isa = PBXFileReference; explicitFileType = wrapper.application; includeInIndex = 0; path = SocialMedia.app; sourceTree = BUILT_PRODUCTS_DIR; };
		C7A86DF71E2BABA30007CEE7 /* AppDelegate.swift */ = {isa = PBXFileReference; lastKnownFileType = sourcecode.swift; path = AppDelegate.swift; sourceTree = "<group>"; };
		C7A86DF91E2BABA30007CEE7 /* SignInVC.swift */ = {isa = PBXFileReference; lastKnownFileType = sourcecode.swift; path = SignInVC.swift; sourceTree = "<group>"; };
		C7A86DFC1E2BABA30007CEE7 /* Base */ = {isa = PBXFileReference; lastKnownFileType = file.storyboard; name = Base; path = Base.lproj/Main.storyboard; sourceTree = "<group>"; };
		C7A86DFE1E2BABA40007CEE7 /* Assets.xcassets */ = {isa = PBXFileReference; lastKnownFileType = folder.assetcatalog; path = Assets.xcassets; sourceTree = "<group>"; };
		C7A86E011E2BABA40007CEE7 /* Base */ = {isa = PBXFileReference; lastKnownFileType = file.storyboard; name = Base; path = Base.lproj/LaunchScreen.storyboard; sourceTree = "<group>"; };
		C7A86E031E2BABA40007CEE7 /* Info.plist */ = {isa = PBXFileReference; lastKnownFileType = text.plist.xml; path = Info.plist; sourceTree = "<group>"; };
		C7B25EA61E314C830034C8A0 /* FeedVC.swift */ = {isa = PBXFileReference; fileEncoding = 4; lastKnownFileType = sourcecode.swift; path = FeedVC.swift; sourceTree = "<group>"; };
		C7C3BFEB1E32751600D0CA5E /* CircleView.swift */ = {isa = PBXFileReference; fileEncoding = 4; lastKnownFileType = sourcecode.swift; path = CircleView.swift; sourceTree = "<group>"; };
		C7E683821E2D26A800D90678 /* FancyView.swift */ = {isa = PBXFileReference; fileEncoding = 4; lastKnownFileType = sourcecode.swift; path = FancyView.swift; sourceTree = "<group>"; };
		C7E683851E2D271400D90678 /* Constants.swift */ = {isa = PBXFileReference; fileEncoding = 4; lastKnownFileType = sourcecode.swift; path = Constants.swift; sourceTree = "<group>"; };
		C7E683871E2D28A100D90678 /* RoundBtn.swift */ = {isa = PBXFileReference; fileEncoding = 4; lastKnownFileType = sourcecode.swift; path = RoundBtn.swift; sourceTree = "<group>"; };
		C7E683891E2D2AA700D90678 /* FancyField.swift */ = {isa = PBXFileReference; fileEncoding = 4; lastKnownFileType = sourcecode.swift; path = FancyField.swift; sourceTree = "<group>"; };
		C7E6838B1E2D2EEA00D90678 /* FancyBtn.swift */ = {isa = PBXFileReference; fileEncoding = 4; lastKnownFileType = sourcecode.swift; path = FancyBtn.swift; sourceTree = "<group>"; };
		EF1A722A46D1943ADE6D246E /* Pods-SocialMedia.release.xcconfig */ = {isa = PBXFileReference; includeInIndex = 1; lastKnownFileType = text.xcconfig; name = "Pods-SocialMedia.release.xcconfig"; path = "Pods/Target Support Files/Pods-SocialMedia/Pods-SocialMedia.release.xcconfig"; sourceTree = "<group>"; };
/* End PBXFileReference section */

/* Begin PBXFrameworksBuildPhase section */
		C7A86DF11E2BABA30007CEE7 /* Frameworks */ = {
			isa = PBXFrameworksBuildPhase;
			buildActionMask = 2147483647;
			files = (
				8D4C6750A9052FEAD754952F /* Pods_SocialMedia.framework in Frameworks */,
			);
			runOnlyForDeploymentPostprocessing = 0;
		};
/* End PBXFrameworksBuildPhase section */

/* Begin PBXGroup section */
		7C8C4C6D97133E4720380D70 /* Frameworks */ = {
			isa = PBXGroup;
			children = (
				0AC0EFF21744BE8627AFD222 /* Pods_SocialMedia.framework */,
			);
			name = Frameworks;
			sourceTree = "<group>";
		};
		AEAB01F908C3F4CE0EFB0627 /* Pods */ = {
			isa = PBXGroup;
			children = (
				0F65F9CFF390668D3DA1654B /* Pods-SocialMedia.debug.xcconfig */,
				EF1A722A46D1943ADE6D246E /* Pods-SocialMedia.release.xcconfig */,
			);
			name = Pods;
			sourceTree = "<group>";
		};
		C76BE4691E2BAE780031CDE4 /* Controller */ = {
			isa = PBXGroup;
			children = (
				C7A86DF91E2BABA30007CEE7 /* SignInVC.swift */,
				C7B25EA61E314C830034C8A0 /* FeedVC.swift */,
			);
			name = Controller;
			sourceTree = "<group>";
		};
		C76BE46A1E2BAE7F0031CDE4 /* View */ = {
			isa = PBXGroup;
			children = (
				C7E683821E2D26A800D90678 /* FancyView.swift */,
				C7E683871E2D28A100D90678 /* RoundBtn.swift */,
				C7E683891E2D2AA700D90678 /* FancyField.swift */,
				C7E6838B1E2D2EEA00D90678 /* FancyBtn.swift */,
				C7C3BFEB1E32751600D0CA5E /* CircleView.swift */,
				C7461F8A1E33B1260085A36F /* PostCellTVC.swift */,
			);
			name = View;
			sourceTree = "<group>";
		};
		C76BE46B1E2BAE860031CDE4 /* Model */ = {
			isa = PBXGroup;
			children = (
				C71275ED1E361AD600D588D3 /* Post.swift */,
			);
			name = Model;
			sourceTree = "<group>";
		};
		C771C4CE1E34BF80008F5D3D /* Services */ = {
			isa = PBXGroup;
			children = (
				C771C4CF1E34BF9A008F5D3D /* DataService.swift */,
			);
			name = Services;
			sourceTree = "<group>";
		};
		C7A86DEB1E2BABA30007CEE7 = {
			isa = PBXGroup;
			children = (
				C7A86DF61E2BABA30007CEE7 /* SocialMedia */,
				C7A86DF51E2BABA30007CEE7 /* Products */,
				AEAB01F908C3F4CE0EFB0627 /* Pods */,
				7C8C4C6D97133E4720380D70 /* Frameworks */,
			);
			sourceTree = "<group>";
		};
		C7A86DF51E2BABA30007CEE7 /* Products */ = {
			isa = PBXGroup;
			children = (
				C7A86DF41E2BABA30007CEE7 /* SocialMedia.app */,
			);
			name = Products;
			sourceTree = "<group>";
		};
		C7A86DF61E2BABA30007CEE7 /* SocialMedia */ = {
			isa = PBXGroup;
			children = (
				C771C4CE1E34BF80008F5D3D /* Services */,
				C7819E301E2FF8550033FD79 /* SocialMedia.entitlements */,
				C7E683841E2D270200D90678 /* Util */,
				C76BE46B1E2BAE860031CDE4 /* Model */,
				C76BE46A1E2BAE7F0031CDE4 /* View */,
				C76BE4691E2BAE780031CDE4 /* Controller */,
				C7A86DF71E2BABA30007CEE7 /* AppDelegate.swift */,
				C7A86DFB1E2BABA30007CEE7 /* Main.storyboard */,
				C7A86DFE1E2BABA40007CEE7 /* Assets.xcassets */,
				C7A86E001E2BABA40007CEE7 /* LaunchScreen.storyboard */,
				C7A86E031E2BABA40007CEE7 /* Info.plist */,
				C72BDBCE1E2BABDE00C161F6 /* GoogleService-Info.plist */,
			);
			path = SocialMedia;
			sourceTree = "<group>";
		};
		C7E683841E2D270200D90678 /* Util */ = {
			isa = PBXGroup;
			children = (
				C7E683851E2D271400D90678 /* Constants.swift */,
			);
			name = Util;
			sourceTree = "<group>";
		};
/* End PBXGroup section */

/* Begin PBXNativeTarget section */
		C7A86DF31E2BABA30007CEE7 /* SocialMedia */ = {
			isa = PBXNativeTarget;
			buildConfigurationList = C7A86E061E2BABA40007CEE7 /* Build configuration list for PBXNativeTarget "SocialMedia" */;
			buildPhases = (
				BCAE6EE66D877BE161C74404 /* [CP] Check Pods Manifest.lock */,
				C7A86DF01E2BABA30007CEE7 /* Sources */,
				C7A86DF11E2BABA30007CEE7 /* Frameworks */,
				C7A86DF21E2BABA30007CEE7 /* Resources */,
				E0BCEBD9566BA1C43A417679 /* [CP] Embed Pods Frameworks */,
				438639C3D2146BABD706CE16 /* [CP] Copy Pods Resources */,
			);
			buildRules = (
			);
			dependencies = (
			);
			name = SocialMedia;
			productName = SocialMedia;
			productReference = C7A86DF41E2BABA30007CEE7 /* SocialMedia.app */;
			productType = "com.apple.product-type.application";
		};
/* End PBXNativeTarget section */

/* Begin PBXProject section */
		C7A86DEC1E2BABA30007CEE7 /* Project object */ = {
			isa = PBXProject;
			attributes = {
				LastSwiftUpdateCheck = 0810;
				LastUpgradeCheck = 0810;
				ORGANIZATIONNAME = "Prateek Mahawar";
				TargetAttributes = {
					C7A86DF31E2BABA30007CEE7 = {
						CreatedOnToolsVersion = 8.1;
						DevelopmentTeam = 2QJCV27NGS;
						LastSwiftMigration = 0810;
						ProvisioningStyle = Automatic;
						SystemCapabilities = {
							com.apple.Keychain = {
								enabled = 1;
							};
						};
					};
				};
			};
			buildConfigurationList = C7A86DEF1E2BABA30007CEE7 /* Build configuration list for PBXProject "SocialMedia" */;
			compatibilityVersion = "Xcode 3.2";
			developmentRegion = English;
			hasScannedForEncodings = 0;
			knownRegions = (
				en,
				Base,
			);
			mainGroup = C7A86DEB1E2BABA30007CEE7;
			productRefGroup = C7A86DF51E2BABA30007CEE7 /* Products */;
			projectDirPath = "";
			projectRoot = "";
			targets = (
				C7A86DF31E2BABA30007CEE7 /* SocialMedia */,
			);
		};
/* End PBXProject section */

/* Begin PBXResourcesBuildPhase section */
		C7A86DF21E2BABA30007CEE7 /* Resources */ = {
			isa = PBXResourcesBuildPhase;
			buildActionMask = 2147483647;
			files = (
				C7A86E021E2BABA40007CEE7 /* LaunchScreen.storyboard in Resources */,
				C72BDBCF1E2BABDE00C161F6 /* GoogleService-Info.plist in Resources */,
				C7A86DFF1E2BABA40007CEE7 /* Assets.xcassets in Resources */,
				C7A86DFD1E2BABA40007CEE7 /* Main.storyboard in Resources */,
			);
			runOnlyForDeploymentPostprocessing = 0;
		};
/* End PBXResourcesBuildPhase section */

/* Begin PBXShellScriptBuildPhase section */
		438639C3D2146BABD706CE16 /* [CP] Copy Pods Resources */ = {
			isa = PBXShellScriptBuildPhase;
			buildActionMask = 2147483647;
			files = (
			);
			inputPaths = (
			);
			name = "[CP] Copy Pods Resources";
			outputPaths = (
			);
			runOnlyForDeploymentPostprocessing = 0;
			shellPath = /bin/sh;
			shellScript = "\"${SRCROOT}/Pods/Target Support Files/Pods-SocialMedia/Pods-SocialMedia-resources.sh\"\n";
			showEnvVarsInLog = 0;
		};
		BCAE6EE66D877BE161C74404 /* [CP] Check Pods Manifest.lock */ = {
			isa = PBXShellScriptBuildPhase;
			buildActionMask = 2147483647;
			files = (
			);
			inputPaths = (
			);
			name = "[CP] Check Pods Manifest.lock";
			outputPaths = (
			);
			runOnlyForDeploymentPostprocessing = 0;
			shellPath = /bin/sh;
			shellScript = "diff \"${PODS_ROOT}/../Podfile.lock\" \"${PODS_ROOT}/Manifest.lock\" > /dev/null\nif [[ $? != 0 ]] ; then\n    cat << EOM\nerror: The sandbox is not in sync with the Podfile.lock. Run 'pod install' or update your CocoaPods installation.\nEOM\n    exit 1\nfi\n";
			showEnvVarsInLog = 0;
		};
		E0BCEBD9566BA1C43A417679 /* [CP] Embed Pods Frameworks */ = {
			isa = PBXShellScriptBuildPhase;
			buildActionMask = 2147483647;
			files = (
			);
			inputPaths = (
			);
			name = "[CP] Embed Pods Frameworks";
			outputPaths = (
			);
			runOnlyForDeploymentPostprocessing = 0;
			shellPath = /bin/sh;
			shellScript = "\"${SRCROOT}/Pods/Target Support Files/Pods-SocialMedia/Pods-SocialMedia-frameworks.sh\"\n";
			showEnvVarsInLog = 0;
		};
/* End PBXShellScriptBuildPhase section */

/* Begin PBXSourcesBuildPhase section */
		C7A86DF01E2BABA30007CEE7 /* Sources */ = {
			isa = PBXSourcesBuildPhase;
			buildActionMask = 2147483647;
			files = (
				C7C3BFEC1E32751600D0CA5E /* CircleView.swift in Sources */,
				C71275EE1E361AD600D588D3 /* Post.swift in Sources */,
				C7461F8B1E33B1260085A36F /* PostCellTVC.swift in Sources */,
				C7E6838A1E2D2AA700D90678 /* FancyField.swift in Sources */,
				C7A86DFA1E2BABA30007CEE7 /* SignInVC.swift in Sources */,
				C7E683881E2D28A100D90678 /* RoundBtn.swift in Sources */,
				C771C4D01E34BF9A008F5D3D /* DataService.swift in Sources */,
				C7A86DF81E2BABA30007CEE7 /* AppDelegate.swift in Sources */,
				C7B25EA71E314C830034C8A0 /* FeedVC.swift in Sources */,
				C7E683831E2D26A800D90678 /* FancyView.swift in Sources */,
				C7E683861E2D271400D90678 /* Constants.swift in Sources */,
				C7E6838C1E2D2EEA00D90678 /* FancyBtn.swift in Sources */,
			);
			runOnlyForDeploymentPostprocessing = 0;
		};
/* End PBXSourcesBuildPhase section */

/* Begin PBXVariantGroup section */
		C7A86DFB1E2BABA30007CEE7 /* Main.storyboard */ = {
			isa = PBXVariantGroup;
			children = (
				C7A86DFC1E2BABA30007CEE7 /* Base */,
			);
			name = Main.storyboard;
			sourceTree = "<group>";
		};
		C7A86E001E2BABA40007CEE7 /* LaunchScreen.storyboard */ = {
			isa = PBXVariantGroup;
			children = (
				C7A86E011E2BABA40007CEE7 /* Base */,
			);
			name = LaunchScreen.storyboard;
			sourceTree = "<group>";
		};
/* End PBXVariantGroup section */

/* Begin XCBuildConfiguration section */
		C7A86E041E2BABA40007CEE7 /* Debug */ = {
			isa = XCBuildConfiguration;
			buildSettings = {
				ALWAYS_SEARCH_USER_PATHS = NO;
				CLANG_ANALYZER_NONNULL = YES;
				CLANG_CXX_LANGUAGE_STANDARD = "gnu++0x";
				CLANG_CXX_LIBRARY = "libc++";
				CLANG_ENABLE_MODULES = YES;
				CLANG_ENABLE_OBJC_ARC = YES;
				CLANG_WARN_BOOL_CONVERSION = YES;
				CLANG_WARN_CONSTANT_CONVERSION = YES;
				CLANG_WARN_DIRECT_OBJC_ISA_USAGE = YES_ERROR;
				CLANG_WARN_DOCUMENTATION_COMMENTS = YES;
				CLANG_WARN_EMPTY_BODY = YES;
				CLANG_WARN_ENUM_CONVERSION = YES;
				CLANG_WARN_INFINITE_RECURSION = YES;
				CLANG_WARN_INT_CONVERSION = YES;
				CLANG_WARN_OBJC_ROOT_CLASS = YES_ERROR;
				CLANG_WARN_SUSPICIOUS_MOVES = YES;
				CLANG_WARN_UNREACHABLE_CODE = YES;
				CLANG_WARN__DUPLICATE_METHOD_MATCH = YES;
				"CODE_SIGN_IDENTITY[sdk=iphoneos*]" = "iPhone Developer";
				COPY_PHASE_STRIP = NO;
				DEBUG_INFORMATION_FORMAT = dwarf;
				ENABLE_STRICT_OBJC_MSGSEND = YES;
				ENABLE_TESTABILITY = YES;
				GCC_C_LANGUAGE_STANDARD = gnu99;
				GCC_DYNAMIC_NO_PIC = NO;
				GCC_NO_COMMON_BLOCKS = YES;
				GCC_OPTIMIZATION_LEVEL = 0;
				GCC_PREPROCESSOR_DEFINITIONS = (
					"DEBUG=1",
					"$(inherited)",
				);
				GCC_WARN_64_TO_32_BIT_CONVERSION = YES;
				GCC_WARN_ABOUT_RETURN_TYPE = YES_ERROR;
				GCC_WARN_UNDECLARED_SELECTOR = YES;
				GCC_WARN_UNINITIALIZED_AUTOS = YES_AGGRESSIVE;
				GCC_WARN_UNUSED_FUNCTION = YES;
				GCC_WARN_UNUSED_VARIABLE = YES;
				IPHONEOS_DEPLOYMENT_TARGET = 10.1;
				MTL_ENABLE_DEBUG_INFO = YES;
				ONLY_ACTIVE_ARCH = YES;
				SDKROOT = iphoneos;
				SWIFT_ACTIVE_COMPILATION_CONDITIONS = DEBUG;
				SWIFT_OPTIMIZATION_LEVEL = "-Onone";
				TARGETED_DEVICE_FAMILY = "1,2";
			};
			name = Debug;
		};
		C7A86E051E2BABA40007CEE7 /* Release */ = {
			isa = XCBuildConfiguration;
			buildSettings = {
				ALWAYS_SEARCH_USER_PATHS = NO;
				CLANG_ANALYZER_NONNULL = YES;
				CLANG_CXX_LANGUAGE_STANDARD = "gnu++0x";
				CLANG_CXX_LIBRARY = "libc++";
				CLANG_ENABLE_MODULES = YES;
				CLANG_ENABLE_OBJC_ARC = YES;
				CLANG_WARN_BOOL_CONVERSION = YES;
				CLANG_WARN_CONSTANT_CONVERSION = YES;
				CLANG_WARN_DIRECT_OBJC_ISA_USAGE = YES_ERROR;
				CLANG_WARN_DOCUMENTATION_COMMENTS = YES;
				CLANG_WARN_EMPTY_BODY = YES;
				CLANG_WARN_ENUM_CONVERSION = YES;
				CLANG_WARN_INFINITE_RECURSION = YES;
				CLANG_WARN_INT_CONVERSION = YES;
				CLANG_WARN_OBJC_ROOT_CLASS = YES_ERROR;
				CLANG_WARN_SUSPICIOUS_MOVES = YES;
				CLANG_WARN_UNREACHABLE_CODE = YES;
				CLANG_WARN__DUPLICATE_METHOD_MATCH = YES;
				"CODE_SIGN_IDENTITY[sdk=iphoneos*]" = "iPhone Developer";
				COPY_PHASE_STRIP = NO;
				DEBUG_INFORMATION_FORMAT = "dwarf-with-dsym";
				ENABLE_NS_ASSERTIONS = NO;
				ENABLE_STRICT_OBJC_MSGSEND = YES;
				GCC_C_LANGUAGE_STANDARD = gnu99;
				GCC_NO_COMMON_BLOCKS = YES;
				GCC_WARN_64_TO_32_BIT_CONVERSION = YES;
				GCC_WARN_ABOUT_RETURN_TYPE = YES_ERROR;
				GCC_WARN_UNDECLARED_SELECTOR = YES;
				GCC_WARN_UNINITIALIZED_AUTOS = YES_AGGRESSIVE;
				GCC_WARN_UNUSED_FUNCTION = YES;
				GCC_WARN_UNUSED_VARIABLE = YES;
				IPHONEOS_DEPLOYMENT_TARGET = 10.1;
				MTL_ENABLE_DEBUG_INFO = NO;
				SDKROOT = iphoneos;
				SWIFT_OPTIMIZATION_LEVEL = "-Owholemodule";
				TARGETED_DEVICE_FAMILY = "1,2";
				VALIDATE_PRODUCT = YES;
			};
			name = Release;
		};
		C7A86E071E2BABA40007CEE7 /* Debug */ = {
			isa = XCBuildConfiguration;
			baseConfigurationReference = 0F65F9CFF390668D3DA1654B /* Pods-SocialMedia.debug.xcconfig */;
			buildSettings = {
				ASSETCATALOG_COMPILER_APPICON_NAME = AppIcon;
				CODE_SIGN_ENTITLEMENTS = SocialMedia/SocialMedia.entitlements;
				DEVELOPMENT_TEAM = 2QJCV27NGS;
				INFOPLIST_FILE = SocialMedia/Info.plist;
				LD_RUNPATH_SEARCH_PATHS = "$(inherited) @executable_path/Frameworks";
				PRODUCT_BUNDLE_IDENTIFIER = com.PrateekMahawar.SocialMedia;
				PRODUCT_NAME = "$(TARGET_NAME)";
				SWIFT_VERSION = 3.0;
			};
			name = Debug;
		};
		C7A86E081E2BABA40007CEE7 /* Release */ = {
			isa = XCBuildConfiguration;
			baseConfigurationReference = EF1A722A46D1943ADE6D246E /* Pods-SocialMedia.release.xcconfig */;
			buildSettings = {
				ASSETCATALOG_COMPILER_APPICON_NAME = AppIcon;
				CODE_SIGN_ENTITLEMENTS = SocialMedia/SocialMedia.entitlements;
				DEVELOPMENT_TEAM = 2QJCV27NGS;
				INFOPLIST_FILE = SocialMedia/Info.plist;
				LD_RUNPATH_SEARCH_PATHS = "$(inherited) @executable_path/Frameworks";
				PRODUCT_BUNDLE_IDENTIFIER = com.PrateekMahawar.SocialMedia;
				PRODUCT_NAME = "$(TARGET_NAME)";
				SWIFT_VERSION = 3.0;
			};
			name = Release;
		};
/* End XCBuildConfiguration section */

/* Begin XCConfigurationList section */
		C7A86DEF1E2BABA30007CEE7 /* Build configuration list for PBXProject "SocialMedia" */ = {
			isa = XCConfigurationList;
			buildConfigurations = (
				C7A86E041E2BABA40007CEE7 /* Debug */,
				C7A86E051E2BABA40007CEE7 /* Release */,
			);
			defaultConfigurationIsVisible = 0;
			defaultConfigurationName = Release;
		};
		C7A86E061E2BABA40007CEE7 /* Build configuration list for PBXNativeTarget "SocialMedia" */ = {
			isa = XCConfigurationList;
			buildConfigurations = (
				C7A86E071E2BABA40007CEE7 /* Debug */,
				C7A86E081E2BABA40007CEE7 /* Release */,
			);
			defaultConfigurationIsVisible = 0;
			defaultConfigurationName = Release;
		};
/* End XCConfigurationList section */
	};
	rootObject = C7A86DEC1E2BABA30007CEE7 /* Project object */;
}
